{
  "name": "stack-simulator",
  "lockfileVersion": 3,
  "requires": true,
  "packages": {
    "": {
      "devDependencies": {
        "@types/ace": "^0.0.51",
        "typescript": "^5.2.2"
      }
    },
    "node_modules/@types/ace": {
      "version": "0.0.51",
      "resolved": "https://registry.npmjs.org/@types/ace/-/ace-0.0.51.tgz",
      "integrity": "sha512-3dkbu9tv6klSmBG3GbDPInKKSuCaZ6HU/OMVPVtYfy+CZiegteTcvEIkFlYRnBjvfGkqpPcf6r4aYKSgNgo5GA==",
      "dev": true
    },
    "node_modules/typescript": {
      "version": "5.2.2",
      "resolved": "https://registry.npmjs.org/typescript/-/typescript-5.2.2.tgz",
      "integrity": "sha512-mI4WrpHsbCIcwT9cF4FZvr80QUeKvsUsUvKDoR+X/7XHQH98xYD8YHZg7ANtz2GtZt/CBq2QJ0thkGJMHfqc1w==",
      "dev": true,
      "bin": {
        "tsc": "bin/tsc",
        "tsserver": "bin/tsserver"
      },
      "engines": {
        "node": ">=14.17"
      }
    }
  }
}
